{
  "version": "3",
  "remote": {
    "https://deno.land/x/deno_doc@0.89.1/deno_doc_wasm.generated.js": "2083135ffced002aade5f1c11bd470a98fea83450e2758062a50d69cfcb03b67",
    "https://deno.land/x/deno_doc@0.89.1/mod.ts": "e1ba0a98769bff9a9bc273478abbc8daf332852577baafc3cf05511121d9e380",
    "https://deno.land/x/deno_graph@0.53.0/deno_graph_wasm.generated.js": "2cbaec012743f138172c0aff377c589ca1dd25331b77acada8ea4aafd6ec8bb4",
    "https://deno.land/x/deno_graph@0.53.0/loader.ts": "a2e757383908f4a51659fe1b1203386887ebb17756bac930a64856d613d8d57d",
    "https://deno.land/x/deno_graph@0.53.0/media_type.ts": "a89a1b38d07c160e896de9ceb99285ba8391940140558304171066b5c3ef7609",
    "https://deno.land/x/deno_graph@0.53.0/mod.ts": "e4bdddf09d8332394ac4b2e7084f7f4fbbbf09dff344cac9bd60f5e20b4f12e0",
    "https://deno.land/x/dir@1.5.1/data_local_dir/mod.ts": "91eb1c4bfadfbeda30171007bac6d85aadacd43224a5ed721bbe56bc64e9eb66",
    "https://deno.land/x/wasmbuild@0.14.1/cache.ts": "89eea5f3ce6035a1164b3e655c95f21300498920575ade23161421f5b01967f4",
    "https://deno.land/x/wasmbuild@0.14.1/loader.ts": "d98d195a715f823151cbc8baa3f32127337628379a02d9eb2a3c5902dbccfc02",
    "https://deno.land/x/wasmbuild@0.15.4/cache.ts": "9d01b5cb24e7f2a942bbd8d14b093751fa690a6cde8e21709ddc97667e6669ed",
    "https://deno.land/x/wasmbuild@0.15.4/loader.ts": "8c2fc10e21678e42f84c5135d8ab6ab7dc92424c3f05d2354896a29ccfd02a63"
  }
}
